// !$*UTF8*$!
{
	archiveVersion = 1;
	classes = {
	};
	objectVersion = 46;
	objects = {

/* Begin PBXBuildFile section */
		70BE4E461D410A5B00808C83 /* AvatarView.swift in Sources */ = {isa = PBXBuildFile; fileRef = 70BE4E441D410A5B00808C83 /* AvatarView.swift */; };
		70BE4E471D410A5B00808C83 /* NamePresentable.swift in Sources */ = {isa = PBXBuildFile; fileRef = 70BE4E451D410A5B00808C83 /* NamePresentable.swift */; };
		70BE4E4C1D410B0100808C83 /* Person.swift in Sources */ = {isa = PBXBuildFile; fileRef = 70BE4E4B1D410B0100808C83 /* Person.swift */; };
		70BE4E511D41111E00808C83 /* PersonService.swift in Sources */ = {isa = PBXBuildFile; fileRef = 70BE4E501D41111E00808C83 /* PersonService.swift */; };
		70BE4E541D4114FB00808C83 /* AdjustingScrollView.swift in Sources */ = {isa = PBXBuildFile; fileRef = 70BE4E531D4114FB00808C83 /* AdjustingScrollView.swift */; };
		70BE4E5B1D41173100808C83 /* PersonSpec.swift in Sources */ = {isa = PBXBuildFile; fileRef = 70BE4E5A1D41173100808C83 /* PersonSpec.swift */; };
		70BE4E5D1D41175E00808C83 /* PersonServiceSpec.swift in Sources */ = {isa = PBXBuildFile; fileRef = 70BE4E5C1D41175E00808C83 /* PersonServiceSpec.swift */; };
		70EE23561D40FC540009D5B6 /* AppDelegate.swift in Sources */ = {isa = PBXBuildFile; fileRef = 70EE23551D40FC540009D5B6 /* AppDelegate.swift */; };
		70EE23581D40FC540009D5B6 /* Main.swift in Sources */ = {isa = PBXBuildFile; fileRef = 70EE23571D40FC540009D5B6 /* Main.swift */; };
		70EE235B1D40FC540009D5B6 /* Main.storyboard in Resources */ = {isa = PBXBuildFile; fileRef = 70EE23591D40FC540009D5B6 /* Main.storyboard */; };
		70EE235D1D40FC540009D5B6 /* Assets.xcassets in Resources */ = {isa = PBXBuildFile; fileRef = 70EE235C1D40FC540009D5B6 /* Assets.xcassets */; };
		70EE23601D40FC540009D5B6 /* LaunchScreen.storyboard in Resources */ = {isa = PBXBuildFile; fileRef = 70EE235E1D40FC540009D5B6 /* LaunchScreen.storyboard */; };
		70EE23761D40FC540009D5B6 /* TestedAvatarUITests.swift in Sources */ = {isa = PBXBuildFile; fileRef = 70EE23751D40FC540009D5B6 /* TestedAvatarUITests.swift */; };
		70EE23891D4104220009D5B6 /* Settings.storyboard in Resources */ = {isa = PBXBuildFile; fileRef = 70EE23871D4104220009D5B6 /* Settings.storyboard */; };
		70EE238B1D41042C0009D5B6 /* Settings.swift in Sources */ = {isa = PBXBuildFile; fileRef = 70EE238A1D41042C0009D5B6 /* Settings.swift */; };
/* End PBXBuildFile section */

/* Begin PBXContainerItemProxy section */
		70EE23671D40FC540009D5B6 /* PBXContainerItemProxy */ = {
			isa = PBXContainerItemProxy;
			containerPortal = 70EE234A1D40FC540009D5B6 /* Project object */;
			proxyType = 1;
			remoteGlobalIDString = 70EE23511D40FC540009D5B6;
			remoteInfo = TestedAvatar;
		};
		70EE23721D40FC540009D5B6 /* PBXContainerItemProxy */ = {
			isa = PBXContainerItemProxy;
			containerPortal = 70EE234A1D40FC540009D5B6 /* Project object */;
			proxyType = 1;
			remoteGlobalIDString = 70EE23511D40FC540009D5B6;
			remoteInfo = TestedAvatar;
		};
/* End PBXContainerItemProxy section */

/* Begin PBXFileReference section */
		70BE4E441D410A5B00808C83 /* AvatarView.swift */ = {isa = PBXFileReference; fileEncoding = 4; lastKnownFileType = sourcecode.swift; name = AvatarView.swift; path = Carthage/Checkouts/AvatarView/AvatarView/AvatarView.swift; sourceTree = SOURCE_ROOT; };
		70BE4E451D410A5B00808C83 /* NamePresentable.swift */ = {isa = PBXFileReference; fileEncoding = 4; lastKnownFileType = sourcecode.swift; name = NamePresentable.swift; path = Carthage/Checkouts/AvatarView/AvatarView/NamePresentable.swift; sourceTree = SOURCE_ROOT; };
		70BE4E4B1D410B0100808C83 /* Person.swift */ = {isa = PBXFileReference; fileEncoding = 4; lastKnownFileType = sourcecode.swift; name = Person.swift; path = Data/Person.swift; sourceTree = "<group>"; };
		70BE4E501D41111E00808C83 /* PersonService.swift */ = {isa = PBXFileReference; fileEncoding = 4; lastKnownFileType = sourcecode.swift; name = PersonService.swift; path = Services/PersonService.swift; sourceTree = "<group>"; };
		70BE4E531D4114FB00808C83 /* AdjustingScrollView.swift */ = {isa = PBXFileReference; fileEncoding = 4; lastKnownFileType = sourcecode.swift; name = AdjustingScrollView.swift; path = Carthage/Checkouts/SharedHelpers/SharedHelpers/AdjustingScrollView.swift; sourceTree = SOURCE_ROOT; };
		70BE4E5A1D41173100808C83 /* PersonSpec.swift */ = {isa = PBXFileReference; fileEncoding = 4; lastKnownFileType = sourcecode.swift; path = PersonSpec.swift; sourceTree = "<group>"; };
		70BE4E5C1D41175E00808C83 /* PersonServiceSpec.swift */ = {isa = PBXFileReference; fileEncoding = 4; lastKnownFileType = sourcecode.swift; path = PersonServiceSpec.swift; sourceTree = "<group>"; };
		70EE23521D40FC540009D5B6 /* TestedAvatar.app */ = {isa = PBXFileReference; explicitFileType = wrapper.application; includeInIndex = 0; path = TestedAvatar.app; sourceTree = BUILT_PRODUCTS_DIR; };
		70EE23551D40FC540009D5B6 /* AppDelegate.swift */ = {isa = PBXFileReference; lastKnownFileType = sourcecode.swift; path = AppDelegate.swift; sourceTree = "<group>"; };
		70EE23571D40FC540009D5B6 /* Main.swift */ = {isa = PBXFileReference; lastKnownFileType = sourcecode.swift; name = Main.swift; path = UI/Main.swift; sourceTree = "<group>"; };
		70EE235A1D40FC540009D5B6 /* Base */ = {isa = PBXFileReference; lastKnownFileType = file.storyboard; name = Base; path = Base.lproj/Main.storyboard; sourceTree = "<group>"; };
		70EE235C1D40FC540009D5B6 /* Assets.xcassets */ = {isa = PBXFileReference; lastKnownFileType = folder.assetcatalog; name = Assets.xcassets; path = Resources/Assets.xcassets; sourceTree = "<group>"; };
		70EE235F1D40FC540009D5B6 /* Base */ = {isa = PBXFileReference; lastKnownFileType = file.storyboard; name = Base; path = Base.lproj/LaunchScreen.storyboard; sourceTree = "<group>"; };
		70EE23611D40FC540009D5B6 /* Info.plist */ = {isa = PBXFileReference; lastKnownFileType = text.plist.xml; name = Info.plist; path = Resources/Info.plist; sourceTree = "<group>"; };
		70EE23661D40FC540009D5B6 /* TestedAvatarTests.xctest */ = {isa = PBXFileReference; explicitFileType = wrapper.cfbundle; includeInIndex = 0; path = TestedAvatarTests.xctest; sourceTree = BUILT_PRODUCTS_DIR; };
		70EE236C1D40FC540009D5B6 /* Info.plist */ = {isa = PBXFileReference; lastKnownFileType = text.plist.xml; path = Info.plist; sourceTree = "<group>"; };
		70EE23711D40FC540009D5B6 /* TestedAvatarUITests.xctest */ = {isa = PBXFileReference; explicitFileType = wrapper.cfbundle; includeInIndex = 0; path = TestedAvatarUITests.xctest; sourceTree = BUILT_PRODUCTS_DIR; };
		70EE23751D40FC540009D5B6 /* TestedAvatarUITests.swift */ = {isa = PBXFileReference; lastKnownFileType = sourcecode.swift; path = TestedAvatarUITests.swift; sourceTree = "<group>"; };
		70EE23771D40FC540009D5B6 /* Info.plist */ = {isa = PBXFileReference; lastKnownFileType = text.plist.xml; path = Info.plist; sourceTree = "<group>"; };
		70EE23881D4104220009D5B6 /* Base */ = {isa = PBXFileReference; lastKnownFileType = file.storyboard; name = Base; path = Base.lproj/Settings.storyboard; sourceTree = "<group>"; };
		70EE238A1D41042C0009D5B6 /* Settings.swift */ = {isa = PBXFileReference; fileEncoding = 4; lastKnownFileType = sourcecode.swift; name = Settings.swift; path = UI/Settings.swift; sourceTree = "<group>"; };
/* End PBXFileReference section */

/* Begin PBXFrameworksBuildPhase section */
		70EE234F1D40FC540009D5B6 /* Frameworks */ = {
			isa = PBXFrameworksBuildPhase;
			buildActionMask = 2147483647;
			files = (
			);
			runOnlyForDeploymentPostprocessing = 0;
		};
		70EE23631D40FC540009D5B6 /* Frameworks */ = {
			isa = PBXFrameworksBuildPhase;
			buildActionMask = 2147483647;
			files = (
			);
			runOnlyForDeploymentPostprocessing = 0;
		};
		70EE236E1D40FC540009D5B6 /* Frameworks */ = {
			isa = PBXFrameworksBuildPhase;
			buildActionMask = 2147483647;
			files = (
			);
			runOnlyForDeploymentPostprocessing = 0;
		};
/* End PBXFrameworksBuildPhase section */

/* Begin PBXGroup section */
		70BE4E431D410A3F00808C83 /* External */ = {
			isa = PBXGroup;
			children = (
				70BE4E481D410A6100808C83 /* AvatarView */,
				70BE4E521D4114CE00808C83 /* SharedHelpers */,
			);
			name = External;
			sourceTree = "<group>";
		};
		70BE4E481D410A6100808C83 /* AvatarView */ = {
			isa = PBXGroup;
			children = (
				70BE4E441D410A5B00808C83 /* AvatarView.swift */,
				70BE4E451D410A5B00808C83 /* NamePresentable.swift */,
			);
			name = AvatarView;
			sourceTree = "<group>";
		};
		70BE4E491D410ADE00808C83 /* Data */ = {
			isa = PBXGroup;
			children = (
				70BE4E4B1D410B0100808C83 /* Person.swift */,
			);
			name = Data;
			sourceTree = "<group>";
		};
		70BE4E4F1D4110FB00808C83 /* Services */ = {
			isa = PBXGroup;
			children = (
				70BE4E501D41111E00808C83 /* PersonService.swift */,
			);
			name = Services;
			sourceTree = "<group>";
		};
		70BE4E521D4114CE00808C83 /* SharedHelpers */ = {
			isa = PBXGroup;
			children = (
				70BE4E531D4114FB00808C83 /* AdjustingScrollView.swift */,
			);
			name = SharedHelpers;
			sourceTree = "<group>";
		};
		70BE4E551D41168B00808C83 /* Data */ = {
			isa = PBXGroup;
			children = (
				70BE4E5A1D41173100808C83 /* PersonSpec.swift */,
			);
			name = Data;
			sourceTree = "<group>";
		};
		70BE4E561D41169700808C83 /* Services */ = {
			isa = PBXGroup;
			children = (
				70BE4E5C1D41175E00808C83 /* PersonServiceSpec.swift */,
			);
			name = Services;
			sourceTree = "<group>";
		};
		70BE4E571D4116A500808C83 /* Supporting Files */ = {
			isa = PBXGroup;
			children = (
				70EE236C1D40FC540009D5B6 /* Info.plist */,
			);
			name = "Supporting Files";
			sourceTree = "<group>";
		};
		70BE4E591D4116BB00808C83 /* Supporting Files */ = {
			isa = PBXGroup;
			children = (
				70EE23771D40FC540009D5B6 /* Info.plist */,
			);
			name = "Supporting Files";
			sourceTree = "<group>";
		};
		70EE23491D40FC540009D5B6 = {
			isa = PBXGroup;
			children = (
				70EE23541D40FC540009D5B6 /* TestedAvatar */,
				70EE23691D40FC540009D5B6 /* TestedAvatarTests */,
				70EE23741D40FC540009D5B6 /* TestedAvatarUITests */,
				70EE23531D40FC540009D5B6 /* Products */,
			);
			sourceTree = "<group>";
		};
		70EE23531D40FC540009D5B6 /* Products */ = {
			isa = PBXGroup;
			children = (
				70EE23521D40FC540009D5B6 /* TestedAvatar.app */,
				70EE23661D40FC540009D5B6 /* TestedAvatarTests.xctest */,
				70EE23711D40FC540009D5B6 /* TestedAvatarUITests.xctest */,
			);
			name = Products;
			sourceTree = "<group>";
		};
		70EE23541D40FC540009D5B6 /* TestedAvatar */ = {
			isa = PBXGroup;
			children = (
				70EE23551D40FC540009D5B6 /* AppDelegate.swift */,
				70EE23841D40FFD00009D5B6 /* UI */,
				70BE4E491D410ADE00808C83 /* Data */,
				70BE4E4F1D4110FB00808C83 /* Services */,
				70BE4E431D410A3F00808C83 /* External */,
				70EE23831D40FFC80009D5B6 /* Resources */,
			);
			path = TestedAvatar;
			sourceTree = "<group>";
		};
		70EE23691D40FC540009D5B6 /* TestedAvatarTests */ = {
			isa = PBXGroup;
			children = (
				70BE4E551D41168B00808C83 /* Data */,
				70BE4E561D41169700808C83 /* Services */,
				70BE4E571D4116A500808C83 /* Supporting Files */,
			);
			path = TestedAvatarTests;
			sourceTree = "<group>";
		};
		70EE23741D40FC540009D5B6 /* TestedAvatarUITests */ = {
			isa = PBXGroup;
			children = (
				70EE23751D40FC540009D5B6 /* TestedAvatarUITests.swift */,
				70BE4E591D4116BB00808C83 /* Supporting Files */,
			);
			path = TestedAvatarUITests;
			sourceTree = "<group>";
		};
		70EE23831D40FFC80009D5B6 /* Resources */ = {
			isa = PBXGroup;
			children = (
				70EE235C1D40FC540009D5B6 /* Assets.xcassets */,
				70EE23611D40FC540009D5B6 /* Info.plist */,
			);
			name = Resources;
			sourceTree = "<group>";
		};
		70EE23841D40FFD00009D5B6 /* UI */ = {
			isa = PBXGroup;
			children = (
				70EE23851D41004A0009D5B6 /* Launch */,
				70EE23861D4100650009D5B6 /* Main */,
				70EE238C1D4104310009D5B6 /* Settings */,
			);
			name = UI;
			sourceTree = "<group>";
		};
		70EE23851D41004A0009D5B6 /* Launch */ = {
			isa = PBXGroup;
			children = (
				70EE235E1D40FC540009D5B6 /* LaunchScreen.storyboard */,
			);
			name = Launch;
			sourceTree = "<group>";
		};
		70EE23861D4100650009D5B6 /* Main */ = {
			isa = PBXGroup;
			children = (
				70EE23591D40FC540009D5B6 /* Main.storyboard */,
				70EE23571D40FC540009D5B6 /* Main.swift */,
			);
			name = Main;
			sourceTree = "<group>";
		};
		70EE238C1D4104310009D5B6 /* Settings */ = {
			isa = PBXGroup;
			children = (
				70EE23871D4104220009D5B6 /* Settings.storyboard */,
				70EE238A1D41042C0009D5B6 /* Settings.swift */,
			);
			name = Settings;
			sourceTree = "<group>";
		};
/* End PBXGroup section */

/* Begin PBXNativeTarget section */
		70EE23511D40FC540009D5B6 /* TestedAvatar */ = {
			isa = PBXNativeTarget;
			buildConfigurationList = 70EE237A1D40FC540009D5B6 /* Build configuration list for PBXNativeTarget "TestedAvatar" */;
			buildPhases = (
				70EE234E1D40FC540009D5B6 /* Sources */,
				70EE234F1D40FC540009D5B6 /* Frameworks */,
				70EE23501D40FC540009D5B6 /* Resources */,
			);
			buildRules = (
			);
			dependencies = (
			);
			name = TestedAvatar;
			productName = TestedAvatar;
			productReference = 70EE23521D40FC540009D5B6 /* TestedAvatar.app */;
			productType = "com.apple.product-type.application";
		};
		70EE23651D40FC540009D5B6 /* TestedAvatarTests */ = {
			isa = PBXNativeTarget;
			buildConfigurationList = 70EE237D1D40FC540009D5B6 /* Build configuration list for PBXNativeTarget "TestedAvatarTests" */;
			buildPhases = (
				70EE23621D40FC540009D5B6 /* Sources */,
				70EE23631D40FC540009D5B6 /* Frameworks */,
				70EE23641D40FC540009D5B6 /* Resources */,
			);
			buildRules = (
			);
			dependencies = (
				70EE23681D40FC540009D5B6 /* PBXTargetDependency */,
			);
			name = TestedAvatarTests;
			productName = TestedAvatarTests;
			productReference = 70EE23661D40FC540009D5B6 /* TestedAvatarTests.xctest */;
			productType = "com.apple.product-type.bundle.unit-test";
		};
		70EE23701D40FC540009D5B6 /* TestedAvatarUITests */ = {
			isa = PBXNativeTarget;
			buildConfigurationList = 70EE23801D40FC540009D5B6 /* Build configuration list for PBXNativeTarget "TestedAvatarUITests" */;
			buildPhases = (
				70EE236D1D40FC540009D5B6 /* Sources */,
				70EE236E1D40FC540009D5B6 /* Frameworks */,
				70EE236F1D40FC540009D5B6 /* Resources */,
			);
			buildRules = (
			);
			dependencies = (
				70EE23731D40FC540009D5B6 /* PBXTargetDependency */,
			);
			name = TestedAvatarUITests;
			productName = TestedAvatarUITests;
			productReference = 70EE23711D40FC540009D5B6 /* TestedAvatarUITests.xctest */;
			productType = "com.apple.product-type.bundle.ui-testing";
		};
/* End PBXNativeTarget section */

/* Begin PBXProject section */
		70EE234A1D40FC540009D5B6 /* Project object */ = {
			isa = PBXProject;
			attributes = {
				LastSwiftUpdateCheck = 0730;
				LastUpgradeCheck = 0810;
				ORGANIZATIONNAME = "BSN Design";
				TargetAttributes = {
					70EE23511D40FC540009D5B6 = {
						CreatedOnToolsVersion = 7.3.1;
						LastSwiftMigration = 0810;
					};
					70EE23651D40FC540009D5B6 = {
						CreatedOnToolsVersion = 7.3.1;
						LastSwiftMigration = 0810;
						TestTargetID = 70EE23511D40FC540009D5B6;
					};
					70EE23701D40FC540009D5B6 = {
						CreatedOnToolsVersion = 7.3.1;
						LastSwiftMigration = 0810;
						TestTargetID = 70EE23511D40FC540009D5B6;
					};
				};
			};
			buildConfigurationList = 70EE234D1D40FC540009D5B6 /* Build configuration list for PBXProject "TestedAvatar" */;
			compatibilityVersion = "Xcode 3.2";
			developmentRegion = English;
			hasScannedForEncodings = 0;
			knownRegions = (
				en,
				Base,
			);
			mainGroup = 70EE23491D40FC540009D5B6;
			productRefGroup = 70EE23531D40FC540009D5B6 /* Products */;
			projectDirPath = "";
			projectRoot = "";
			targets = (
				70EE23511D40FC540009D5B6 /* TestedAvatar */,
				70EE23651D40FC540009D5B6 /* TestedAvatarTests */,
				70EE23701D40FC540009D5B6 /* TestedAvatarUITests */,
			);
		};
/* End PBXProject section */

/* Begin PBXResourcesBuildPhase section */
		70EE23501D40FC540009D5B6 /* Resources */ = {
			isa = PBXResourcesBuildPhase;
			buildActionMask = 2147483647;
			files = (
				70EE23601D40FC540009D5B6 /* LaunchScreen.storyboard in Resources */,
				70EE235D1D40FC540009D5B6 /* Assets.xcassets in Resources */,
				70EE235B1D40FC540009D5B6 /* Main.storyboard in Resources */,
				70EE23891D4104220009D5B6 /* Settings.storyboard in Resources */,
			);
			runOnlyForDeploymentPostprocessing = 0;
		};
		70EE23641D40FC540009D5B6 /* Resources */ = {
			isa = PBXResourcesBuildPhase;
			buildActionMask = 2147483647;
			files = (
			);
			runOnlyForDeploymentPostprocessing = 0;
		};
		70EE236F1D40FC540009D5B6 /* Resources */ = {
			isa = PBXResourcesBuildPhase;
			buildActionMask = 2147483647;
			files = (
			);
			runOnlyForDeploymentPostprocessing = 0;
		};
/* End PBXResourcesBuildPhase section */

/* Begin PBXSourcesBuildPhase section */
		70EE234E1D40FC540009D5B6 /* Sources */ = {
			isa = PBXSourcesBuildPhase;
			buildActionMask = 2147483647;
			files = (
				70BE4E511D41111E00808C83 /* PersonService.swift in Sources */,
				70BE4E4C1D410B0100808C83 /* Person.swift in Sources */,
				70EE238B1D41042C0009D5B6 /* Settings.swift in Sources */,
				70BE4E461D410A5B00808C83 /* AvatarView.swift in Sources */,
				70EE23581D40FC540009D5B6 /* Main.swift in Sources */,
				70EE23561D40FC540009D5B6 /* AppDelegate.swift in Sources */,
				70BE4E471D410A5B00808C83 /* NamePresentable.swift in Sources */,
				70BE4E541D4114FB00808C83 /* AdjustingScrollView.swift in Sources */,
			);
			runOnlyForDeploymentPostprocessing = 0;
		};
		70EE23621D40FC540009D5B6 /* Sources */ = {
			isa = PBXSourcesBuildPhase;
			buildActionMask = 2147483647;
			files = (
				70BE4E5B1D41173100808C83 /* PersonSpec.swift in Sources */,
				70BE4E5D1D41175E00808C83 /* PersonServiceSpec.swift in Sources */,
			);
			runOnlyForDeploymentPostprocessing = 0;
		};
		70EE236D1D40FC540009D5B6 /* Sources */ = {
			isa = PBXSourcesBuildPhase;
			buildActionMask = 2147483647;
			files = (
				70EE23761D40FC540009D5B6 /* TestedAvatarUITests.swift in Sources */,
			);
			runOnlyForDeploymentPostprocessing = 0;
		};
/* End PBXSourcesBuildPhase section */

/* Begin PBXTargetDependency section */
		70EE23681D40FC540009D5B6 /* PBXTargetDependency */ = {
			isa = PBXTargetDependency;
			target = 70EE23511D40FC540009D5B6 /* TestedAvatar */;
			targetProxy = 70EE23671D40FC540009D5B6 /* PBXContainerItemProxy */;
		};
		70EE23731D40FC540009D5B6 /* PBXTargetDependency */ = {
			isa = PBXTargetDependency;
			target = 70EE23511D40FC540009D5B6 /* TestedAvatar */;
			targetProxy = 70EE23721D40FC540009D5B6 /* PBXContainerItemProxy */;
		};
/* End PBXTargetDependency section */

/* Begin PBXVariantGroup section */
		70EE23591D40FC540009D5B6 /* Main.storyboard */ = {
			isa = PBXVariantGroup;
			children = (
				70EE235A1D40FC540009D5B6 /* Base */,
			);
			name = Main.storyboard;
			sourceTree = "<group>";
		};
		70EE235E1D40FC540009D5B6 /* LaunchScreen.storyboard */ = {
			isa = PBXVariantGroup;
			children = (
				70EE235F1D40FC540009D5B6 /* Base */,
			);
			name = LaunchScreen.storyboard;
			sourceTree = "<group>";
		};
		70EE23871D4104220009D5B6 /* Settings.storyboard */ = {
			isa = PBXVariantGroup;
			children = (
				70EE23881D4104220009D5B6 /* Base */,
			);
			name = Settings.storyboard;
			sourceTree = "<group>";
		};
/* End PBXVariantGroup section */

/* Begin XCBuildConfiguration section */
		70EE23781D40FC540009D5B6 /* Debug */ = {
			isa = XCBuildConfiguration;
			buildSettings = {
				ALWAYS_SEARCH_USER_PATHS = NO;
				CLANG_ANALYZER_NONNULL = YES;
				CLANG_CXX_LANGUAGE_STANDARD = "gnu++0x";
				CLANG_CXX_LIBRARY = "libc++";
				CLANG_ENABLE_MODULES = YES;
				CLANG_ENABLE_OBJC_ARC = YES;
				CLANG_WARN_BOOL_CONVERSION = YES;
				CLANG_WARN_CONSTANT_CONVERSION = YES;
				CLANG_WARN_DIRECT_OBJC_ISA_USAGE = YES_ERROR;
				CLANG_WARN_EMPTY_BODY = YES;
				CLANG_WARN_ENUM_CONVERSION = YES;
				CLANG_WARN_INFINITE_RECURSION = YES;
				CLANG_WARN_INT_CONVERSION = YES;
				CLANG_WARN_OBJC_ROOT_CLASS = YES_ERROR;
				CLANG_WARN_SUSPICIOUS_MOVE = YES;
				CLANG_WARN_UNREACHABLE_CODE = YES;
				CLANG_WARN__DUPLICATE_METHOD_MATCH = YES;
				"CODE_SIGN_IDENTITY[sdk=iphoneos*]" = "iPhone Developer";
				COPY_PHASE_STRIP = NO;
				DEBUG_INFORMATION_FORMAT = dwarf;
				ENABLE_STRICT_OBJC_MSGSEND = YES;
				ENABLE_TESTABILITY = YES;
				GCC_C_LANGUAGE_STANDARD = gnu99;
				GCC_DYNAMIC_NO_PIC = NO;
				GCC_NO_COMMON_BLOCKS = YES;
				GCC_OPTIMIZATION_LEVEL = 0;
				GCC_PREPROCESSOR_DEFINITIONS = (
					"DEBUG=1",
					"$(inherited)",
				);
				GCC_WARN_64_TO_32_BIT_CONVERSION = YES;
				GCC_WARN_ABOUT_RETURN_TYPE = YES_ERROR;
				GCC_WARN_UNDECLARED_SELECTOR = YES;
				GCC_WARN_UNINITIALIZED_AUTOS = YES_AGGRESSIVE;
				GCC_WARN_UNUSED_FUNCTION = YES;
				GCC_WARN_UNUSED_VARIABLE = YES;
				IPHONEOS_DEPLOYMENT_TARGET = 9.3;
				MTL_ENABLE_DEBUG_INFO = YES;
				ONLY_ACTIVE_ARCH = YES;
				SDKROOT = iphoneos;
				SWIFT_OPTIMIZATION_LEVEL = "-Onone";
				TARGETED_DEVICE_FAMILY = "1,2";
			};
			name = Debug;
		};
		70EE23791D40FC540009D5B6 /* Release */ = {
			isa = XCBuildConfiguration;
			buildSettings = {
				ALWAYS_SEARCH_USER_PATHS = NO;
				CLANG_ANALYZER_NONNULL = YES;
				CLANG_CXX_LANGUAGE_STANDARD = "gnu++0x";
				CLANG_CXX_LIBRARY = "libc++";
				CLANG_ENABLE_MODULES = YES;
				CLANG_ENABLE_OBJC_ARC = YES;
				CLANG_WARN_BOOL_CONVERSION = YES;
				CLANG_WARN_CONSTANT_CONVERSION = YES;
				CLANG_WARN_DIRECT_OBJC_ISA_USAGE = YES_ERROR;
				CLANG_WARN_EMPTY_BODY = YES;
				CLANG_WARN_ENUM_CONVERSION = YES;
				CLANG_WARN_INFINITE_RECURSION = YES;
				CLANG_WARN_INT_CONVERSION = YES;
				CLANG_WARN_OBJC_ROOT_CLASS = YES_ERROR;
				CLANG_WARN_SUSPICIOUS_MOVE = YES;
				CLANG_WARN_UNREACHABLE_CODE = YES;
				CLANG_WARN__DUPLICATE_METHOD_MATCH = YES;
				"CODE_SIGN_IDENTITY[sdk=iphoneos*]" = "iPhone Developer";
				COPY_PHASE_STRIP = NO;
				DEBUG_INFORMATION_FORMAT = "dwarf-with-dsym";
				ENABLE_NS_ASSERTIONS = NO;
				ENABLE_STRICT_OBJC_MSGSEND = YES;
				GCC_C_LANGUAGE_STANDARD = gnu99;
				GCC_NO_COMMON_BLOCKS = YES;
				GCC_WARN_64_TO_32_BIT_CONVERSION = YES;
				GCC_WARN_ABOUT_RETURN_TYPE = YES_ERROR;
				GCC_WARN_UNDECLARED_SELECTOR = YES;
				GCC_WARN_UNINITIALIZED_AUTOS = YES_AGGRESSIVE;
				GCC_WARN_UNUSED_FUNCTION = YES;
				GCC_WARN_UNUSED_VARIABLE = YES;
				IPHONEOS_DEPLOYMENT_TARGET = 9.3;
				MTL_ENABLE_DEBUG_INFO = NO;
				SDKROOT = iphoneos;
				SWIFT_OPTIMIZATION_LEVEL = "-Owholemodule";
				TARGETED_DEVICE_FAMILY = "1,2";
				VALIDATE_PRODUCT = YES;
			};
			name = Release;
		};
		70EE237B1D40FC540009D5B6 /* Debug */ = {
			isa = XCBuildConfiguration;
			buildSettings = {
				ASSETCATALOG_COMPILER_APPICON_NAME = AppIcon;
				INFOPLIST_FILE = "$(SRCROOT)/TestedAvatar/Resources/Info.plist";
				LD_RUNPATH_SEARCH_PATHS = "$(inherited) @executable_path/Frameworks";
				PRODUCT_BUNDLE_IDENTIFIER = design.bsn.TestedAvatar;
				PRODUCT_NAME = "$(TARGET_NAME)";
				SWIFT_VERSION = 3.0;
			};
			name = Debug;
		};
		70EE237C1D40FC540009D5B6 /* Release */ = {
			isa = XCBuildConfiguration;
			buildSettings = {
				ASSETCATALOG_COMPILER_APPICON_NAME = AppIcon;
				INFOPLIST_FILE = "$(SRCROOT)/TestedAvatar/Resources/Info.plist";
				LD_RUNPATH_SEARCH_PATHS = "$(inherited) @executable_path/Frameworks";
				PRODUCT_BUNDLE_IDENTIFIER = design.bsn.TestedAvatar;
				PRODUCT_NAME = "$(TARGET_NAME)";
				SWIFT_VERSION = 3.0;
			};
			name = Release;
		};
		70EE237E1D40FC540009D5B6 /* Debug */ = {
			isa = XCBuildConfiguration;
			buildSettings = {
				BUNDLE_LOADER = "$(TEST_HOST)";
				CLANG_ENABLE_MODULES = YES;
				INFOPLIST_FILE = TestedAvatarTests/Info.plist;
				LD_RUNPATH_SEARCH_PATHS = "$(inherited) @executable_path/Frameworks @loader_path/Frameworks";
				PRODUCT_BUNDLE_IDENTIFIER = design.bsn.TestedAvatarTests;
				PRODUCT_NAME = "$(TARGET_NAME)";
				SWIFT_OPTIMIZATION_LEVEL = "-Onone";
				SWIFT_VERSION = 3.0;
				TEST_HOST = "$(BUILT_PRODUCTS_DIR)/TestedAvatar.app/TestedAvatar";
			};
			name = Debug;
		};
		70EE237F1D40FC540009D5B6 /* Release */ = {
			isa = XCBuildConfiguration;
			buildSettings = {
				BUNDLE_LOADER = "$(TEST_HOST)";
				CLANG_ENABLE_MODULES = YES;
				INFOPLIST_FILE = TestedAvatarTests/Info.plist;
				LD_RUNPATH_SEARCH_PATHS = "$(inherited) @executable_path/Frameworks @loader_path/Frameworks";
				PRODUCT_BUNDLE_IDENTIFIER = design.bsn.TestedAvatarTests;
				PRODUCT_NAME = "$(TARGET_NAME)";
				SWIFT_VERSION = 3.0;
				TEST_HOST = "$(BUILT_PRODUCTS_DIR)/TestedAvatar.app/TestedAvatar";
			};
			name = Release;
		};
		70EE23811D40FC540009D5B6 /* Debug */ = {
			isa = XCBuildConfiguration;
			buildSettings = {
				INFOPLIST_FILE = TestedAvatarUITests/Info.plist;
				LD_RUNPATH_SEARCH_PATHS = "$(inherited) @executable_path/Frameworks @loader_path/Frameworks";
				PRODUCT_BUNDLE_IDENTIFIER = design.bsn.TestedAvatarUITests;
				PRODUCT_NAME = "$(TARGET_NAME)";
				SWIFT_VERSION = 3.0;
				TEST_TARGET_NAME = TestedAvatar;
			};
			name = Debug;
		};
		70EE23821D40FC540009D5B6 /* Release */ = {
			isa = XCBuildConfiguration;
			buildSettings = {
				INFOPLIST_FILE = TestedAvatarUITests/Info.plist;
				LD_RUNPATH_SEARCH_PATHS = "$(inherited) @executable_path/Frameworks @loader_path/Frameworks";
				PRODUCT_BUNDLE_IDENTIFIER = design.bsn.TestedAvatarUITests;
				PRODUCT_NAME = "$(TARGET_NAME)";
				SWIFT_VERSION = 3.0;
				TEST_TARGET_NAME = TestedAvatar;
			};
			name = Release;
		};
/* End XCBuildConfiguration section */

/* Begin XCConfigurationList section */
		70EE234D1D40FC540009D5B6 /* Build configuration list for PBXProject "TestedAvatar" */ = {
			isa = XCConfigurationList;
			buildConfigurations = (
				70EE23781D40FC540009D5B6 /* Debug */,
				70EE23791D40FC540009D5B6 /* Release */,
			);
			defaultConfigurationIsVisible = 0;
			defaultConfigurationName = Release;
		};
		70EE237A1D40FC540009D5B6 /* Build configuration list for PBXNativeTarget "TestedAvatar" */ = {
			isa = XCConfigurationList;
			buildConfigurations = (
				70EE237B1D40FC540009D5B6 /* Debug */,
				70EE237C1D40FC540009D5B6 /* Release */,
			);
			defaultConfigurationIsVisible = 0;
			defaultConfigurationName = Release;
		};
		70EE237D1D40FC540009D5B6 /* Build configuration list for PBXNativeTarget "TestedAvatarTests" */ = {
			isa = XCConfigurationList;
			buildConfigurations = (
				70EE237E1D40FC540009D5B6 /* Debug */,
				70EE237F1D40FC540009D5B6 /* Release */,
			);
			defaultConfigurationIsVisible = 0;
			defaultConfigurationName = Release;
		};
		70EE23801D40FC540009D5B6 /* Build configuration list for PBXNativeTarget "TestedAvatarUITests" */ = {
			isa = XCConfigurationList;
			buildConfigurations = (
				70EE23811D40FC540009D5B6 /* Debug */,
				70EE23821D40FC540009D5B6 /* Release */,
			);
			defaultConfigurationIsVisible = 0;
			defaultConfigurationName = Release;
		};
/* End XCConfigurationList section */
	};
	rootObject = 70EE234A1D40FC540009D5B6 /* Project object */;
}
